
Microsoft Visual Studio Solution File, Format Version 12.00
# Visual Studio Version 17
VisualStudioVersion = 17.7.34024.191
MinimumVisualStudioVersion = 10.0.40219.1
Project("{FAE04EC0-301F-11D3-BF4B-00C04F79EFBC}") = "Wekker", "Wekker.csproj", "{F651EF7E-4CDD-4FFA-B703-4C039545D317}"
EndProject
Global
	GlobalSection(SolutionConfigurationPlatforms) = preSolution
		Debug|Any CPU = Debug|Any CPU
		Release|Any CPU = Release|Any CPU
	EndGlobalSection
	GlobalSection(ProjectConfigurationPlatforms) = postSolution
		{F651EF7E-4CDD-4FFA-B703-4C039545D317}.Debug|Any CPU.ActiveCfg = Debug|Any CPU
		{F651EF7E-4CDD-4FFA-B703-4C039545D317}.Debug|Any CPU.Build.0 = Debug|Any CPU
		{F651EF7E-4CDD-4FFA-B703-4C039545D317}.Release|Any CPU.ActiveCfg = Release|Any CPU
		{F651EF7E-4CDD-4FFA-B703-4C039545D317}.Release|Any CPU.Build.0 = Release|Any CPU
	EndGlobalSection
	GlobalSection(SolutionProperties) = preSolution
		HideSolutionNode = FALSE
	EndGlobalSection
	GlobalSection(ExtensibilityGlobals) = postSolution
		SolutionGuid = {6B29A590-F3B5-4C83-904B-CE985FDF73BF}
	EndGlobalSection
EndGlobal
